
Microsoft Visual Studio Solution File, Format Version 12.00
# Visual Studio 2012
Project("{8BC9CEB8-8B4A-11D0-8D11-00A0C91BC942}") = "Fibonacci", "Fibonacci\Fibonacci.vcxproj", "{854130F7-28D6-4A41-9E99-795238F7588E}"
EndProject
Global
	GlobalSection(SolutionConfigurationPlatforms) = preSolution
		Debug|Win32 = Debug|Win32
		Release|Win32 = Release|Win32
	EndGlobalSection
	GlobalSection(ProjectConfigurationPlatforms) = postSolution
		{854130F7-28D6-4A41-9E99-795238F7588E}.Debug|Win32.ActiveCfg = Debug|Win32
		{854130F7-28D6-4A41-9E99-795238F7588E}.Debug|Win32.Build.0 = Debug|Win32
		{854130F7-28D6-4A41-9E99-795238F7588E}.Release|Win32.ActiveCfg = Release|Win32
		{854130F7-28D6-4A41-9E99-795238F7588E}.Release|Win32.Build.0 = Release|Win32
	EndGlobalSection
	GlobalSection(SolutionProperties) = preSolution
		HideSolutionNode = FALSE
	EndGlobalSection
EndGlobal
